
Microsoft Visual Studio Solution File, Format Version 12.00
# Visual Studio 2013
VisualStudioVersion = 12.0.31101.0
MinimumVisualStudioVersion = 10.0.40219.1
Project("{8BC9CEB8-8B4A-11D0-8D11-00A0C91BC942}") = "dbclient", "dbclient\dbclient.vcxproj", "{53DFDB24-5D32-4BF1-85AD-837F7B8AA547}"
EndProject
Global
	GlobalSection(SolutionConfigurationPlatforms) = preSolution
		Debug|Win32 = Debug|Win32
		Release|Win32 = Release|Win32
	EndGlobalSection
	GlobalSection(ProjectConfigurationPlatforms) = postSolution
		{53DFDB24-5D32-4BF1-85AD-837F7B8AA547}.Debug|Win32.ActiveCfg = Debug|Win32
		{53DFDB24-5D32-4BF1-85AD-837F7B8AA547}.Debug|Win32.Build.0 = Debug|Win32
		{53DFDB24-5D32-4BF1-85AD-837F7B8AA547}.Release|Win32.ActiveCfg = Release|Win32
		{53DFDB24-5D32-4BF1-85AD-837F7B8AA547}.Release|Win32.Build.0 = Release|Win32
	EndGlobalSection
	GlobalSection(SolutionProperties) = preSolution
		HideSolutionNode = FALSE
	EndGlobalSection
EndGlobal
